
Microsoft Visual Studio Solution File, Format Version 12.00
# Visual Studio Version 16
VisualStudioVersion = 16.0.810.22
MinimumVisualStudioVersion = 10.0.40219.1
Project("{FAE04EC0-301F-11D3-BF4B-00C04F79EFBC}") = "Parking", "Parking\Parking.csproj", "{365015F9-2209-4961-8492-B6592FDA826D}"
EndProject
Global
	GlobalSection(SolutionConfigurationPlatforms) = preSolution
		Debug|Any CPU = Debug|Any CPU
		Release|Any CPU = Release|Any CPU
	EndGlobalSection
	GlobalSection(ProjectConfigurationPlatforms) = postSolution
		{365015F9-2209-4961-8492-B6592FDA826D}.Debug|Any CPU.ActiveCfg = Debug|Any CPU
		{365015F9-2209-4961-8492-B6592FDA826D}.Debug|Any CPU.Build.0 = Debug|Any CPU
		{365015F9-2209-4961-8492-B6592FDA826D}.Release|Any CPU.ActiveCfg = Release|Any CPU
		{365015F9-2209-4961-8492-B6592FDA826D}.Release|Any CPU.Build.0 = Release|Any CPU
	EndGlobalSection
	GlobalSection(SolutionProperties) = preSolution
		HideSolutionNode = FALSE
	EndGlobalSection
	GlobalSection(ExtensibilityGlobals) = postSolution
		SolutionGuid = {D0F0BF19-50E6-424B-9D73-2C0A91A5FE32}
	EndGlobalSection
EndGlobal
